{
  "name": "php-project",
  "version": "1.0.0",
  "lockfileVersion": 1,
  "requires": true,
  "dependencies": {
    "bootstrap": {
      "version": "4.1.0",
      "resolved": "https://registry.npmjs.org/bootstrap/-/bootstrap-4.1.0.tgz",
      "integrity": "sha512-kCo82nE8qYVfOa/Z3hL98CPgPIEkh6iPdiJrUJMQ9n9r0+6PEET7cmhLlV0XVYmEj5QtKIOaSGMLxy5jSFhKog=="
    },
    "jquery": {
      "version": "3.3.1",
      "resolved": "https://registry.npmjs.org/jquery/-/jquery-3.3.1.tgz",
      "integrity": "sha1-lYzinoHJeQ8xvneS311NlfxX+8o="
    },
    "popper.js": {
      "version": "1.14.1",
      "resolved": "https://registry.npmjs.org/popper.js/-/popper.js-1.14.1.tgz",
      "integrity": "sha1-uIFeXNpvYvwgQuR2GGSfdYZuZ1M="
    },
    "trumbowyg": {
      "version": "2.10.0",
      "resolved": "https://registry.npmjs.org/trumbowyg/-/trumbowyg-2.10.0.tgz",
      "integrity": "sha512-wd+VpIyCc6EyDp/iV+MjOCKTnLlzRiArOu+cDP1mtIWNoHGqlG1nQ184hmYl5rmMCFl1BxAbmWrXeVcByNreNQ=="
    }
  }
}
